
Microsoft Visual Studio Solution File, Format Version 12.00
# Visual Studio Version 16
VisualStudioVersion = 16.0.31112.23
MinimumVisualStudioVersion = 10.0.40219.1
Project("{9A19103F-16F7-4668-BE54-9A1E7A4F7556}") = "ExternalSorting.FileGenerator", "src\ExternalSorting.FileGenerator\ExternalSorting.FileGenerator.csproj", "{C33DB0B1-EFE5-4DAF-9304-B8454DB02E53}"
EndProject
Project("{9A19103F-16F7-4668-BE54-9A1E7A4F7556}") = "ExternalSorting.Utils", "src\ExternalSorting.Utils\ExternalSorting.Utils.csproj", "{BD47A409-A149-4F59-A5C4-D9B15BB640D3}"
EndProject
Project("{2150E333-8FDC-42A3-9474-1A3956D46DE8}") = "src", "src", "{2D234917-608A-4A60-B735-14C696F91B5D}"
EndProject
Project("{2150E333-8FDC-42A3-9474-1A3956D46DE8}") = "tests", "tests", "{1D633324-0E74-4658-8D78-47A7DBE68807}"
EndProject
Project("{9A19103F-16F7-4668-BE54-9A1E7A4F7556}") = "ExternalSorting.Utils.Tests", "tests\ExternalSorting.Utils.Tests\ExternalSorting.Utils.Tests.csproj", "{E1D66E9C-1019-4B59-92B2-EC0A649A5878}"
EndProject
Project("{9A19103F-16F7-4668-BE54-9A1E7A4F7556}") = "ExternalSorting.Sorter", "src\ExternalSorting.Sorter\ExternalSorting.Sorter.csproj", "{030721C2-7E76-4142-886F-21D8BE39616E}"
EndProject
Project("{2150E333-8FDC-42A3-9474-1A3956D46DE8}") = "Solution Items", "Solution Items", "{DB438DB7-D6B3-4FF9-BBA6-0E90FC8DCEBF}"
	ProjectSection(SolutionItems) = preProject
		.editorconfig = .editorconfig
	EndProjectSection
EndProject
Global
	GlobalSection(SolutionConfigurationPlatforms) = preSolution
		Debug|Any CPU = Debug|Any CPU
		Release|Any CPU = Release|Any CPU
	EndGlobalSection
	GlobalSection(ProjectConfigurationPlatforms) = postSolution
		{C33DB0B1-EFE5-4DAF-9304-B8454DB02E53}.Debug|Any CPU.ActiveCfg = Debug|Any CPU
		{C33DB0B1-EFE5-4DAF-9304-B8454DB02E53}.Debug|Any CPU.Build.0 = Debug|Any CPU
		{C33DB0B1-EFE5-4DAF-9304-B8454DB02E53}.Release|Any CPU.ActiveCfg = Release|Any CPU
		{C33DB0B1-EFE5-4DAF-9304-B8454DB02E53}.Release|Any CPU.Build.0 = Release|Any CPU
		{BD47A409-A149-4F59-A5C4-D9B15BB640D3}.Debug|Any CPU.ActiveCfg = Debug|Any CPU
		{BD47A409-A149-4F59-A5C4-D9B15BB640D3}.Debug|Any CPU.Build.0 = Debug|Any CPU
		{BD47A409-A149-4F59-A5C4-D9B15BB640D3}.Release|Any CPU.ActiveCfg = Release|Any CPU
		{BD47A409-A149-4F59-A5C4-D9B15BB640D3}.Release|Any CPU.Build.0 = Release|Any CPU
		{E1D66E9C-1019-4B59-92B2-EC0A649A5878}.Debug|Any CPU.ActiveCfg = Debug|Any CPU
		{E1D66E9C-1019-4B59-92B2-EC0A649A5878}.Debug|Any CPU.Build.0 = Debug|Any CPU
		{E1D66E9C-1019-4B59-92B2-EC0A649A5878}.Release|Any CPU.ActiveCfg = Release|Any CPU
		{E1D66E9C-1019-4B59-92B2-EC0A649A5878}.Release|Any CPU.Build.0 = Release|Any CPU
		{030721C2-7E76-4142-886F-21D8BE39616E}.Debug|Any CPU.ActiveCfg = Debug|Any CPU
		{030721C2-7E76-4142-886F-21D8BE39616E}.Debug|Any CPU.Build.0 = Debug|Any CPU
		{030721C2-7E76-4142-886F-21D8BE39616E}.Release|Any CPU.ActiveCfg = Release|Any CPU
		{030721C2-7E76-4142-886F-21D8BE39616E}.Release|Any CPU.Build.0 = Release|Any CPU
	EndGlobalSection
	GlobalSection(SolutionProperties) = preSolution
		HideSolutionNode = FALSE
	EndGlobalSection
	GlobalSection(NestedProjects) = preSolution
		{C33DB0B1-EFE5-4DAF-9304-B8454DB02E53} = {2D234917-608A-4A60-B735-14C696F91B5D}
		{BD47A409-A149-4F59-A5C4-D9B15BB640D3} = {2D234917-608A-4A60-B735-14C696F91B5D}
		{E1D66E9C-1019-4B59-92B2-EC0A649A5878} = {1D633324-0E74-4658-8D78-47A7DBE68807}
		{030721C2-7E76-4142-886F-21D8BE39616E} = {2D234917-608A-4A60-B735-14C696F91B5D}
	EndGlobalSection
	GlobalSection(ExtensibilityGlobals) = postSolution
		SolutionGuid = {CC420872-E7A1-4AC3-AC70-6107F7388445}
	EndGlobalSection
EndGlobal
